
Microsoft Visual Studio Solution File, Format Version 12.00
# Visual Studio 2013
VisualStudioVersion = 12.0.31101.0
MinimumVisualStudioVersion = 10.0.40219.1
Project("{FAE04EC0-301F-11D3-BF4B-00C04F79EFBC}") = "Blog.WebUI", "Blog.WebUI\Blog.WebUI.csproj", "{16ABC604-7D58-4687-B13E-64C99F5C0E86}"
	ProjectSection(ProjectDependencies) = postProject
		{F5B2AB90-ACD5-4DAA-BA18-7649B8BA80D7} = {F5B2AB90-ACD5-4DAA-BA18-7649B8BA80D7}
	EndProjectSection
EndProject
Project("{FAE04EC0-301F-11D3-BF4B-00C04F79EFBC}") = "Blog.Dal", "Blog.Dal\Blog.Dal.csproj", "{F5B2AB90-ACD5-4DAA-BA18-7649B8BA80D7}"
	ProjectSection(ProjectDependencies) = postProject
		{FCBFCC24-FA28-4B28-865A-130E703C66DA} = {FCBFCC24-FA28-4B28-865A-130E703C66DA}
	EndProjectSection
EndProject
Project("{FAE04EC0-301F-11D3-BF4B-00C04F79EFBC}") = "Blog.Entities", "Blog.Entities\Blog.Entities.csproj", "{FCBFCC24-FA28-4B28-865A-130E703C66DA}"
EndProject
Global
	GlobalSection(SolutionConfigurationPlatforms) = preSolution
		Debug|Any CPU = Debug|Any CPU
		Release|Any CPU = Release|Any CPU
	EndGlobalSection
	GlobalSection(ProjectConfigurationPlatforms) = postSolution
		{16ABC604-7D58-4687-B13E-64C99F5C0E86}.Debug|Any CPU.ActiveCfg = Debug|Any CPU
		{16ABC604-7D58-4687-B13E-64C99F5C0E86}.Debug|Any CPU.Build.0 = Debug|Any CPU
		{16ABC604-7D58-4687-B13E-64C99F5C0E86}.Release|Any CPU.ActiveCfg = Release|Any CPU
		{16ABC604-7D58-4687-B13E-64C99F5C0E86}.Release|Any CPU.Build.0 = Release|Any CPU
		{F5B2AB90-ACD5-4DAA-BA18-7649B8BA80D7}.Debug|Any CPU.ActiveCfg = Debug|Any CPU
		{F5B2AB90-ACD5-4DAA-BA18-7649B8BA80D7}.Debug|Any CPU.Build.0 = Debug|Any CPU
		{F5B2AB90-ACD5-4DAA-BA18-7649B8BA80D7}.Release|Any CPU.ActiveCfg = Release|Any CPU
		{F5B2AB90-ACD5-4DAA-BA18-7649B8BA80D7}.Release|Any CPU.Build.0 = Release|Any CPU
		{FCBFCC24-FA28-4B28-865A-130E703C66DA}.Debug|Any CPU.ActiveCfg = Debug|Any CPU
		{FCBFCC24-FA28-4B28-865A-130E703C66DA}.Debug|Any CPU.Build.0 = Debug|Any CPU
		{FCBFCC24-FA28-4B28-865A-130E703C66DA}.Release|Any CPU.ActiveCfg = Release|Any CPU
		{FCBFCC24-FA28-4B28-865A-130E703C66DA}.Release|Any CPU.Build.0 = Release|Any CPU
	EndGlobalSection
	GlobalSection(SolutionProperties) = preSolution
		HideSolutionNode = FALSE
	EndGlobalSection
EndGlobal
